
Microsoft Visual Studio Solution File, Format Version 12.00
# Visual Studio Version 17
VisualStudioVersion = 17.4.33403.182
MinimumVisualStudioVersion = 10.0.40219.1
Project("{FAE04EC0-301F-11D3-BF4B-00C04F79EFBC}") = "Lr4,5,6", "Lr4,5,6\Lr4,5,6.csproj", "{B91D5599-3DF6-4C2F-918F-3F767F480F0E}"
EndProject
Project("{FAE04EC0-301F-11D3-BF4B-00C04F79EFBC}") = "Lr 5", "Lr 5\Lr 5.csproj", "{75BCB222-7BE6-447B-9D3D-37D184D687AA}"
EndProject
Project("{FAE04EC0-301F-11D3-BF4B-00C04F79EFBC}") = "Lr 6", "Lr 6\Lr 6.csproj", "{EF4C4B04-FA29-4D59-87A6-7311669BD042}"
EndProject
Global
	GlobalSection(SolutionConfigurationPlatforms) = preSolution
		Debug|Any CPU = Debug|Any CPU
		Release|Any CPU = Release|Any CPU
	EndGlobalSection
	GlobalSection(ProjectConfigurationPlatforms) = postSolution
		{B91D5599-3DF6-4C2F-918F-3F767F480F0E}.Debug|Any CPU.ActiveCfg = Debug|Any CPU
		{B91D5599-3DF6-4C2F-918F-3F767F480F0E}.Debug|Any CPU.Build.0 = Debug|Any CPU
		{B91D5599-3DF6-4C2F-918F-3F767F480F0E}.Release|Any CPU.ActiveCfg = Release|Any CPU
		{B91D5599-3DF6-4C2F-918F-3F767F480F0E}.Release|Any CPU.Build.0 = Release|Any CPU
		{75BCB222-7BE6-447B-9D3D-37D184D687AA}.Debug|Any CPU.ActiveCfg = Debug|Any CPU
		{75BCB222-7BE6-447B-9D3D-37D184D687AA}.Debug|Any CPU.Build.0 = Debug|Any CPU
		{75BCB222-7BE6-447B-9D3D-37D184D687AA}.Release|Any CPU.ActiveCfg = Release|Any CPU
		{75BCB222-7BE6-447B-9D3D-37D184D687AA}.Release|Any CPU.Build.0 = Release|Any CPU
		{EF4C4B04-FA29-4D59-87A6-7311669BD042}.Debug|Any CPU.ActiveCfg = Debug|Any CPU
		{EF4C4B04-FA29-4D59-87A6-7311669BD042}.Debug|Any CPU.Build.0 = Debug|Any CPU
		{EF4C4B04-FA29-4D59-87A6-7311669BD042}.Release|Any CPU.ActiveCfg = Release|Any CPU
		{EF4C4B04-FA29-4D59-87A6-7311669BD042}.Release|Any CPU.Build.0 = Release|Any CPU
	EndGlobalSection
	GlobalSection(SolutionProperties) = preSolution
		HideSolutionNode = FALSE
	EndGlobalSection
	GlobalSection(ExtensibilityGlobals) = postSolution
		SolutionGuid = {E45E95C3-A0E8-4089-84AF-759A23D2D988}
	EndGlobalSection
EndGlobal
